
Microsoft Visual Studio Solution File, Format Version 12.00
# Visual Studio Version 17
VisualStudioVersion = 17.4.33213.308
MinimumVisualStudioVersion = 10.0.40219.1
Project("{FAE04EC0-301F-11D3-BF4B-00C04F79EFBC}") = "Week15OOPAndFiles", "Week15OOPAndFiles\Week15OOPAndFiles.csproj", "{3F28DFCE-EB9C-48F5-ADAE-3BC762056885}"
EndProject
Global
	GlobalSection(SolutionConfigurationPlatforms) = preSolution
		Debug|Any CPU = Debug|Any CPU
		Release|Any CPU = Release|Any CPU
	EndGlobalSection
	GlobalSection(ProjectConfigurationPlatforms) = postSolution
		{3F28DFCE-EB9C-48F5-ADAE-3BC762056885}.Debug|Any CPU.ActiveCfg = Debug|Any CPU
		{3F28DFCE-EB9C-48F5-ADAE-3BC762056885}.Debug|Any CPU.Build.0 = Debug|Any CPU
		{3F28DFCE-EB9C-48F5-ADAE-3BC762056885}.Release|Any CPU.ActiveCfg = Release|Any CPU
		{3F28DFCE-EB9C-48F5-ADAE-3BC762056885}.Release|Any CPU.Build.0 = Release|Any CPU
	EndGlobalSection
	GlobalSection(SolutionProperties) = preSolution
		HideSolutionNode = FALSE
	EndGlobalSection
	GlobalSection(ExtensibilityGlobals) = postSolution
		SolutionGuid = {50508489-F04E-44F5-80D8-EDBA9391AB10}
	EndGlobalSection
EndGlobal
